
Microsoft Visual Studio Solution File, Format Version 12.00
# Visual Studio Version 16
VisualStudioVersion = 16.0.32428.217
MinimumVisualStudioVersion = 10.0.40219.1
Project("{9A19103F-16F7-4668-BE54-9A1E7A4F7556}") = "AoC2019", "AoC2019.csproj", "{D43BE163-0F2D-46AD-B153-8C8254B1675F}"
EndProject
Global
	GlobalSection(SolutionConfigurationPlatforms) = preSolution
		Debug|Any CPU = Debug|Any CPU
		Release|Any CPU = Release|Any CPU
	EndGlobalSection
	GlobalSection(ProjectConfigurationPlatforms) = postSolution
		{D43BE163-0F2D-46AD-B153-8C8254B1675F}.Debug|Any CPU.ActiveCfg = Debug|Any CPU
		{D43BE163-0F2D-46AD-B153-8C8254B1675F}.Debug|Any CPU.Build.0 = Debug|Any CPU
		{D43BE163-0F2D-46AD-B153-8C8254B1675F}.Release|Any CPU.ActiveCfg = Release|Any CPU
		{D43BE163-0F2D-46AD-B153-8C8254B1675F}.Release|Any CPU.Build.0 = Release|Any CPU
	EndGlobalSection
	GlobalSection(SolutionProperties) = preSolution
		HideSolutionNode = FALSE
	EndGlobalSection
	GlobalSection(ExtensibilityGlobals) = postSolution
		SolutionGuid = {DE524D83-39DB-42C5-82FB-64B6FC1EF91E}
	EndGlobalSection
EndGlobal
